// !$*UTF8*$!
{
	archiveVersion = 1;
	classes = {
	};
	objectVersion = 50;
	objects = {

/* Begin PBXBuildFile section */
		E21CDE7D265A8E01002BC5D8 /* disc.cpp in Sources */ = {isa = PBXBuildFile; fileRef = E21CDE7C265A8E01002BC5D8 /* disc.cpp */; };
		E26627F3265707ED00F6F10D /* main.cpp in Sources */ = {isa = PBXBuildFile; fileRef = E26627F2265707ED00F6F10D /* main.cpp */; };
		E26627FE26570BEA00F6F10D /* system.cpp in Sources */ = {isa = PBXBuildFile; fileRef = E26627FD26570BEA00F6F10D /* system.cpp */; };
		E266280026570DF100F6F10D /* position.cpp in Sources */ = {isa = PBXBuildFile; fileRef = E26627FF26570DF100F6F10D /* position.cpp */; };
		E266280326570FBB00F6F10D /* random.cpp in Sources */ = {isa = PBXBuildFile; fileRef = E266280226570FBB00F6F10D /* random.cpp */; };
		E2B573C3265EBB75003E8C95 /* AppDelegate.m in Sources */ = {isa = PBXBuildFile; fileRef = E2B573C2265EBB74003E8C95 /* AppDelegate.m */; };
		E2B573C6265EBB75003E8C95 /* ViewController.m in Sources */ = {isa = PBXBuildFile; fileRef = E2B573C5265EBB75003E8C95 /* ViewController.m */; };
		E2B573C8265EBB75003E8C95 /* Assets.xcassets in Resources */ = {isa = PBXBuildFile; fileRef = E2B573C7265EBB75003E8C95 /* Assets.xcassets */; };
		E2B573CB265EBB75003E8C95 /* Main.storyboard in Resources */ = {isa = PBXBuildFile; fileRef = E2B573C9265EBB75003E8C95 /* Main.storyboard */; };
		E2B573CE265EBB75003E8C95 /* main.m in Sources */ = {isa = PBXBuildFile; fileRef = E2B573CD265EBB75003E8C95 /* main.m */; };
		E2B573D5265EBBB2003E8C95 /* DiscsView.mm in Sources */ = {isa = PBXBuildFile; fileRef = E2B573D4265EBBB2003E8C95 /* DiscsView.mm */; };
		E2B573D6265EC246003E8C95 /* random.cpp in Sources */ = {isa = PBXBuildFile; fileRef = E266280226570FBB00F6F10D /* random.cpp */; };
		E2B573D7265EC246003E8C95 /* bins.cpp in Sources */ = {isa = PBXBuildFile; fileRef = E2C24163265C00C100A1E8D0 /* bins.cpp */; };
		E2B573D8265EC246003E8C95 /* system.cpp in Sources */ = {isa = PBXBuildFile; fileRef = E26627FD26570BEA00F6F10D /* system.cpp */; };
		E2B573D9265EC246003E8C95 /* disc.cpp in Sources */ = {isa = PBXBuildFile; fileRef = E21CDE7C265A8E01002BC5D8 /* disc.cpp */; };
		E2B573DA265EC246003E8C95 /* position.cpp in Sources */ = {isa = PBXBuildFile; fileRef = E26627FF26570DF100F6F10D /* position.cpp */; };
		E2C24164265C00C100A1E8D0 /* bins.cpp in Sources */ = {isa = PBXBuildFile; fileRef = E2C24163265C00C100A1E8D0 /* bins.cpp */; };
/* End PBXBuildFile section */

/* Begin PBXCopyFilesBuildPhase section */
		E26627ED265707ED00F6F10D /* CopyFiles */ = {
			isa = PBXCopyFilesBuildPhase;
			buildActionMask = 2147483647;
			dstPath = /usr/share/man/man1/;
			dstSubfolderSpec = 0;
			files = (
			);
			runOnlyForDeploymentPostprocessing = 1;
		};
/* End PBXCopyFilesBuildPhase section */

/* Begin PBXFileReference section */
		E21CDE7C265A8E01002BC5D8 /* disc.cpp */ = {isa = PBXFileReference; lastKnownFileType = sourcecode.cpp.cpp; path = disc.cpp; sourceTree = "<group>"; };
		E26627EF265707ED00F6F10D /* discs */ = {isa = PBXFileReference; explicitFileType = "compiled.mach-o.executable"; includeInIndex = 0; path = discs; sourceTree = BUILT_PRODUCTS_DIR; };
		E26627F2265707ED00F6F10D /* main.cpp */ = {isa = PBXFileReference; lastKnownFileType = sourcecode.cpp.cpp; path = main.cpp; sourceTree = "<group>"; };
		E26627F92657083700F6F10D /* types.h */ = {isa = PBXFileReference; lastKnownFileType = sourcecode.c.h; path = types.h; sourceTree = "<group>"; };
		E26627FA2657093700F6F10D /* position.h */ = {isa = PBXFileReference; lastKnownFileType = sourcecode.c.h; path = position.h; sourceTree = "<group>"; };
		E26627FB26570A5700F6F10D /* system.h */ = {isa = PBXFileReference; lastKnownFileType = sourcecode.c.h; path = system.h; sourceTree = "<group>"; };
		E26627FC26570AB400F6F10D /* disc.h */ = {isa = PBXFileReference; lastKnownFileType = sourcecode.c.h; path = disc.h; sourceTree = "<group>"; };
		E26627FD26570BEA00F6F10D /* system.cpp */ = {isa = PBXFileReference; lastKnownFileType = sourcecode.cpp.cpp; path = system.cpp; sourceTree = "<group>"; };
		E26627FF26570DF100F6F10D /* position.cpp */ = {isa = PBXFileReference; lastKnownFileType = sourcecode.cpp.cpp; path = position.cpp; sourceTree = "<group>"; };
		E266280126570FBB00F6F10D /* random.h */ = {isa = PBXFileReference; lastKnownFileType = sourcecode.c.h; path = random.h; sourceTree = "<group>"; };
		E266280226570FBB00F6F10D /* random.cpp */ = {isa = PBXFileReference; lastKnownFileType = sourcecode.cpp.cpp; path = random.cpp; sourceTree = "<group>"; };
		E26628042657137D00F6F10D /* configuration.h */ = {isa = PBXFileReference; lastKnownFileType = sourcecode.c.h; path = configuration.h; sourceTree = "<group>"; };
		E2B573BF265EBB74003E8C95 /* DiscsTest.app */ = {isa = PBXFileReference; explicitFileType = wrapper.application; includeInIndex = 0; path = DiscsTest.app; sourceTree = BUILT_PRODUCTS_DIR; };
		E2B573C1265EBB74003E8C95 /* AppDelegate.h */ = {isa = PBXFileReference; lastKnownFileType = sourcecode.c.h; path = AppDelegate.h; sourceTree = "<group>"; };
		E2B573C2265EBB74003E8C95 /* AppDelegate.m */ = {isa = PBXFileReference; lastKnownFileType = sourcecode.c.objc; path = AppDelegate.m; sourceTree = "<group>"; };
		E2B573C4265EBB75003E8C95 /* ViewController.h */ = {isa = PBXFileReference; lastKnownFileType = sourcecode.c.h; path = ViewController.h; sourceTree = "<group>"; };
		E2B573C5265EBB75003E8C95 /* ViewController.m */ = {isa = PBXFileReference; lastKnownFileType = sourcecode.c.objc; path = ViewController.m; sourceTree = "<group>"; };
		E2B573C7265EBB75003E8C95 /* Assets.xcassets */ = {isa = PBXFileReference; lastKnownFileType = folder.assetcatalog; path = Assets.xcassets; sourceTree = "<group>"; };
		E2B573CA265EBB75003E8C95 /* Base */ = {isa = PBXFileReference; lastKnownFileType = file.storyboard; name = Base; path = Base.lproj/Main.storyboard; sourceTree = "<group>"; };
		E2B573CC265EBB75003E8C95 /* Info.plist */ = {isa = PBXFileReference; lastKnownFileType = text.plist.xml; path = Info.plist; sourceTree = "<group>"; };
		E2B573CD265EBB75003E8C95 /* main.m */ = {isa = PBXFileReference; lastKnownFileType = sourcecode.c.objc; path = main.m; sourceTree = "<group>"; };
		E2B573CF265EBB75003E8C95 /* DiscsTest.entitlements */ = {isa = PBXFileReference; lastKnownFileType = text.plist.entitlements; path = DiscsTest.entitlements; sourceTree = "<group>"; };
		E2B573D3265EBBB2003E8C95 /* DiscsView.h */ = {isa = PBXFileReference; lastKnownFileType = sourcecode.c.h; path = DiscsView.h; sourceTree = "<group>"; };
		E2B573D4265EBBB2003E8C95 /* DiscsView.mm */ = {isa = PBXFileReference; lastKnownFileType = sourcecode.cpp.objcpp; path = DiscsView.mm; sourceTree = "<group>"; };
		E2C24162265C00C100A1E8D0 /* bins.h */ = {isa = PBXFileReference; lastKnownFileType = sourcecode.c.h; path = bins.h; sourceTree = "<group>"; };
		E2C24163265C00C100A1E8D0 /* bins.cpp */ = {isa = PBXFileReference; lastKnownFileType = sourcecode.cpp.cpp; path = bins.cpp; sourceTree = "<group>"; };
/* End PBXFileReference section */

/* Begin PBXFrameworksBuildPhase section */
		E26627EC265707ED00F6F10D /* Frameworks */ = {
			isa = PBXFrameworksBuildPhase;
			buildActionMask = 2147483647;
			files = (
			);
			runOnlyForDeploymentPostprocessing = 0;
		};
		E2B573BC265EBB74003E8C95 /* Frameworks */ = {
			isa = PBXFrameworksBuildPhase;
			buildActionMask = 2147483647;
			files = (
			);
			runOnlyForDeploymentPostprocessing = 0;
		};
/* End PBXFrameworksBuildPhase section */

/* Begin PBXGroup section */
		E26627E6265707ED00F6F10D = {
			isa = PBXGroup;
			children = (
				E26627F1265707ED00F6F10D /* discs */,
				E2B573C0265EBB74003E8C95 /* DiscsTest */,
				E26627F0265707ED00F6F10D /* Products */,
			);
			sourceTree = "<group>";
		};
		E26627F0265707ED00F6F10D /* Products */ = {
			isa = PBXGroup;
			children = (
				E26627EF265707ED00F6F10D /* discs */,
				E2B573BF265EBB74003E8C95 /* DiscsTest.app */,
			);
			name = Products;
			sourceTree = "<group>";
		};
		E26627F1265707ED00F6F10D /* discs */ = {
			isa = PBXGroup;
			children = (
				E26627F2265707ED00F6F10D /* main.cpp */,
				E2C24162265C00C100A1E8D0 /* bins.h */,
				E2C24163265C00C100A1E8D0 /* bins.cpp */,
				E26628042657137D00F6F10D /* configuration.h */,
				E26627FC26570AB400F6F10D /* disc.h */,
				E21CDE7C265A8E01002BC5D8 /* disc.cpp */,
				E26627FA2657093700F6F10D /* position.h */,
				E26627FF26570DF100F6F10D /* position.cpp */,
				E266280126570FBB00F6F10D /* random.h */,
				E266280226570FBB00F6F10D /* random.cpp */,
				E26627FB26570A5700F6F10D /* system.h */,
				E26627FD26570BEA00F6F10D /* system.cpp */,
				E26627F92657083700F6F10D /* types.h */,
			);
			path = discs;
			sourceTree = "<group>";
		};
		E2B573C0265EBB74003E8C95 /* DiscsTest */ = {
			isa = PBXGroup;
			children = (
				E2B573C1265EBB74003E8C95 /* AppDelegate.h */,
				E2B573C2265EBB74003E8C95 /* AppDelegate.m */,
				E2B573C4265EBB75003E8C95 /* ViewController.h */,
				E2B573C5265EBB75003E8C95 /* ViewController.m */,
				E2B573C7265EBB75003E8C95 /* Assets.xcassets */,
				E2B573C9265EBB75003E8C95 /* Main.storyboard */,
				E2B573CC265EBB75003E8C95 /* Info.plist */,
				E2B573CD265EBB75003E8C95 /* main.m */,
				E2B573CF265EBB75003E8C95 /* DiscsTest.entitlements */,
				E2B573D3265EBBB2003E8C95 /* DiscsView.h */,
				E2B573D4265EBBB2003E8C95 /* DiscsView.mm */,
			);
			path = DiscsTest;
			sourceTree = "<group>";
		};
/* End PBXGroup section */

/* Begin PBXNativeTarget section */
		E26627EE265707ED00F6F10D /* discs */ = {
			isa = PBXNativeTarget;
			buildConfigurationList = E26627F6265707ED00F6F10D /* Build configuration list for PBXNativeTarget "discs" */;
			buildPhases = (
				E26627EB265707ED00F6F10D /* Sources */,
				E26627EC265707ED00F6F10D /* Frameworks */,
				E26627ED265707ED00F6F10D /* CopyFiles */,
			);
			buildRules = (
			);
			dependencies = (
			);
			name = discs;
			productName = discs;
			productReference = E26627EF265707ED00F6F10D /* discs */;
			productType = "com.apple.product-type.tool";
		};
		E2B573BE265EBB74003E8C95 /* DiscsTest */ = {
			isa = PBXNativeTarget;
			buildConfigurationList = E2B573D2265EBB75003E8C95 /* Build configuration list for PBXNativeTarget "DiscsTest" */;
			buildPhases = (
				E2B573BB265EBB74003E8C95 /* Sources */,
				E2B573BC265EBB74003E8C95 /* Frameworks */,
				E2B573BD265EBB74003E8C95 /* Resources */,
			);
			buildRules = (
			);
			dependencies = (
			);
			name = DiscsTest;
			productName = DiscsTest;
			productReference = E2B573BF265EBB74003E8C95 /* DiscsTest.app */;
			productType = "com.apple.product-type.application";
		};
/* End PBXNativeTarget section */

/* Begin PBXProject section */
		E26627E7265707ED00F6F10D /* Project object */ = {
			isa = PBXProject;
			attributes = {
				LastUpgradeCheck = 1250;
				TargetAttributes = {
					E26627EE265707ED00F6F10D = {
						CreatedOnToolsVersion = 12.5;
					};
					E2B573BE265EBB74003E8C95 = {
						CreatedOnToolsVersion = 12.5;
					};
				};
			};
			buildConfigurationList = E26627EA265707ED00F6F10D /* Build configuration list for PBXProject "discs" */;
			compatibilityVersion = "Xcode 9.3";
			developmentRegion = en;
			hasScannedForEncodings = 0;
			knownRegions = (
				en,
				Base,
			);
			mainGroup = E26627E6265707ED00F6F10D;
			productRefGroup = E26627F0265707ED00F6F10D /* Products */;
			projectDirPath = "";
			projectRoot = "";
			targets = (
				E26627EE265707ED00F6F10D /* discs */,
				E2B573BE265EBB74003E8C95 /* DiscsTest */,
			);
		};
/* End PBXProject section */

/* Begin PBXResourcesBuildPhase section */
		E2B573BD265EBB74003E8C95 /* Resources */ = {
			isa = PBXResourcesBuildPhase;
			buildActionMask = 2147483647;
			files = (
				E2B573C8265EBB75003E8C95 /* Assets.xcassets in Resources */,
				E2B573CB265EBB75003E8C95 /* Main.storyboard in Resources */,
			);
			runOnlyForDeploymentPostprocessing = 0;
		};
/* End PBXResourcesBuildPhase section */

/* Begin PBXSourcesBuildPhase section */
		E26627EB265707ED00F6F10D /* Sources */ = {
			isa = PBXSourcesBuildPhase;
			buildActionMask = 2147483647;
			files = (
				E266280326570FBB00F6F10D /* random.cpp in Sources */,
				E26627FE26570BEA00F6F10D /* system.cpp in Sources */,
				E26627F3265707ED00F6F10D /* main.cpp in Sources */,
				E21CDE7D265A8E01002BC5D8 /* disc.cpp in Sources */,
				E266280026570DF100F6F10D /* position.cpp in Sources */,
				E2C24164265C00C100A1E8D0 /* bins.cpp in Sources */,
			);
			runOnlyForDeploymentPostprocessing = 0;
		};
		E2B573BB265EBB74003E8C95 /* Sources */ = {
			isa = PBXSourcesBuildPhase;
			buildActionMask = 2147483647;
			files = (
				E2B573C6265EBB75003E8C95 /* ViewController.m in Sources */,
				E2B573CE265EBB75003E8C95 /* main.m in Sources */,
				E2B573C3265EBB75003E8C95 /* AppDelegate.m in Sources */,
				E2B573D8265EC246003E8C95 /* system.cpp in Sources */,
				E2B573D9265EC246003E8C95 /* disc.cpp in Sources */,
				E2B573DA265EC246003E8C95 /* position.cpp in Sources */,
				E2B573D5265EBBB2003E8C95 /* DiscsView.mm in Sources */,
				E2B573D6265EC246003E8C95 /* random.cpp in Sources */,
				E2B573D7265EC246003E8C95 /* bins.cpp in Sources */,
			);
			runOnlyForDeploymentPostprocessing = 0;
		};
/* End PBXSourcesBuildPhase section */

/* Begin PBXVariantGroup section */
		E2B573C9265EBB75003E8C95 /* Main.storyboard */ = {
			isa = PBXVariantGroup;
			children = (
				E2B573CA265EBB75003E8C95 /* Base */,
			);
			name = Main.storyboard;
			sourceTree = "<group>";
		};
/* End PBXVariantGroup section */

/* Begin XCBuildConfiguration section */
		E26627F4265707ED00F6F10D /* Debug */ = {
			isa = XCBuildConfiguration;
			buildSettings = {
				ALWAYS_SEARCH_USER_PATHS = NO;
				CLANG_ANALYZER_NONNULL = YES;
				CLANG_ANALYZER_NUMBER_OBJECT_CONVERSION = YES_AGGRESSIVE;
				CLANG_CXX_LANGUAGE_STANDARD = "c++17";
				CLANG_CXX_LIBRARY = "libc++";
				CLANG_ENABLE_MODULES = YES;
				CLANG_ENABLE_OBJC_ARC = YES;
				CLANG_ENABLE_OBJC_WEAK = YES;
				CLANG_WARN_BLOCK_CAPTURE_AUTORELEASING = YES;
				CLANG_WARN_BOOL_CONVERSION = YES;
				CLANG_WARN_COMMA = YES;
				CLANG_WARN_CONSTANT_CONVERSION = YES;
				CLANG_WARN_DEPRECATED_OBJC_IMPLEMENTATIONS = YES;
				CLANG_WARN_DIRECT_OBJC_ISA_USAGE = YES_ERROR;
				CLANG_WARN_DOCUMENTATION_COMMENTS = YES;
				CLANG_WARN_EMPTY_BODY = YES;
				CLANG_WARN_ENUM_CONVERSION = YES;
				CLANG_WARN_INFINITE_RECURSION = YES;
				CLANG_WARN_INT_CONVERSION = YES;
				CLANG_WARN_NON_LITERAL_NULL_CONVERSION = YES;
				CLANG_WARN_OBJC_IMPLICIT_RETAIN_SELF = YES;
				CLANG_WARN_OBJC_LITERAL_CONVERSION = YES;
				CLANG_WARN_OBJC_ROOT_CLASS = YES_ERROR;
				CLANG_WARN_QUOTED_INCLUDE_IN_FRAMEWORK_HEADER = YES;
				CLANG_WARN_RANGE_LOOP_ANALYSIS = YES;
				CLANG_WARN_STRICT_PROTOTYPES = YES;
				CLANG_WARN_SUSPICIOUS_MOVE = YES;
				CLANG_WARN_UNGUARDED_AVAILABILITY = YES_AGGRESSIVE;
				CLANG_WARN_UNREACHABLE_CODE = YES;
				CLANG_WARN__DUPLICATE_METHOD_MATCH = YES;
				COPY_PHASE_STRIP = NO;
				DEBUG_INFORMATION_FORMAT = dwarf;
				ENABLE_STRICT_OBJC_MSGSEND = YES;
				ENABLE_TESTABILITY = YES;
				GCC_C_LANGUAGE_STANDARD = c11;
				GCC_DYNAMIC_NO_PIC = NO;
				GCC_NO_COMMON_BLOCKS = YES;
				GCC_OPTIMIZATION_LEVEL = 0;
				GCC_PREPROCESSOR_DEFINITIONS = (
					"DEBUG=1",
					"$(inherited)",
				);
				GCC_TREAT_WARNINGS_AS_ERRORS = YES;
				GCC_WARN_64_TO_32_BIT_CONVERSION = YES;
				GCC_WARN_ABOUT_RETURN_TYPE = YES_ERROR;
				GCC_WARN_PEDANTIC = YES;
				GCC_WARN_UNDECLARED_SELECTOR = YES;
				GCC_WARN_UNINITIALIZED_AUTOS = YES_AGGRESSIVE;
				GCC_WARN_UNUSED_FUNCTION = YES;
				GCC_WARN_UNUSED_VARIABLE = YES;
				MACOSX_DEPLOYMENT_TARGET = 11.3;
				MTL_ENABLE_DEBUG_INFO = INCLUDE_SOURCE;
				MTL_FAST_MATH = YES;
				ONLY_ACTIVE_ARCH = YES;
				SDKROOT = macosx;
			};
			name = Debug;
		};
		E26627F5265707ED00F6F10D /* Release */ = {
			isa = XCBuildConfiguration;
			buildSettings = {
				ALWAYS_SEARCH_USER_PATHS = NO;
				CLANG_ANALYZER_NONNULL = YES;
				CLANG_ANALYZER_NUMBER_OBJECT_CONVERSION = YES_AGGRESSIVE;
				CLANG_CXX_LANGUAGE_STANDARD = "c++17";
				CLANG_CXX_LIBRARY = "libc++";
				CLANG_ENABLE_MODULES = YES;
				CLANG_ENABLE_OBJC_ARC = YES;
				CLANG_ENABLE_OBJC_WEAK = YES;
				CLANG_WARN_BLOCK_CAPTURE_AUTORELEASING = YES;
				CLANG_WARN_BOOL_CONVERSION = YES;
				CLANG_WARN_COMMA = YES;
				CLANG_WARN_CONSTANT_CONVERSION = YES;
				CLANG_WARN_DEPRECATED_OBJC_IMPLEMENTATIONS = YES;
				CLANG_WARN_DIRECT_OBJC_ISA_USAGE = YES_ERROR;
				CLANG_WARN_DOCUMENTATION_COMMENTS = YES;
				CLANG_WARN_EMPTY_BODY = YES;
				CLANG_WARN_ENUM_CONVERSION = YES;
				CLANG_WARN_INFINITE_RECURSION = YES;
				CLANG_WARN_INT_CONVERSION = YES;
				CLANG_WARN_NON_LITERAL_NULL_CONVERSION = YES;
				CLANG_WARN_OBJC_IMPLICIT_RETAIN_SELF = YES;
				CLANG_WARN_OBJC_LITERAL_CONVERSION = YES;
				CLANG_WARN_OBJC_ROOT_CLASS = YES_ERROR;
				CLANG_WARN_QUOTED_INCLUDE_IN_FRAMEWORK_HEADER = YES;
				CLANG_WARN_RANGE_LOOP_ANALYSIS = YES;
				CLANG_WARN_STRICT_PROTOTYPES = YES;
				CLANG_WARN_SUSPICIOUS_MOVE = YES;
				CLANG_WARN_UNGUARDED_AVAILABILITY = YES_AGGRESSIVE;
				CLANG_WARN_UNREACHABLE_CODE = YES;
				CLANG_WARN__DUPLICATE_METHOD_MATCH = YES;
				COPY_PHASE_STRIP = NO;
				DEBUG_INFORMATION_FORMAT = "dwarf-with-dsym";
				ENABLE_NS_ASSERTIONS = NO;
				ENABLE_STRICT_OBJC_MSGSEND = YES;
				GCC_C_LANGUAGE_STANDARD = c11;
				GCC_NO_COMMON_BLOCKS = YES;
				GCC_OPTIMIZATION_LEVEL = 3;
				GCC_TREAT_WARNINGS_AS_ERRORS = YES;
				GCC_WARN_64_TO_32_BIT_CONVERSION = YES;
				GCC_WARN_ABOUT_RETURN_TYPE = YES_ERROR;
				GCC_WARN_PEDANTIC = YES;
				GCC_WARN_UNDECLARED_SELECTOR = YES;
				GCC_WARN_UNINITIALIZED_AUTOS = YES_AGGRESSIVE;
				GCC_WARN_UNUSED_FUNCTION = YES;
				GCC_WARN_UNUSED_VARIABLE = YES;
				LLVM_LTO = YES;
				MACOSX_DEPLOYMENT_TARGET = 11.3;
				MTL_ENABLE_DEBUG_INFO = NO;
				MTL_FAST_MATH = YES;
				SDKROOT = macosx;
			};
			name = Release;
		};
		E26627F7265707ED00F6F10D /* Debug */ = {
			isa = XCBuildConfiguration;
			buildSettings = {
				CODE_SIGN_STYLE = Automatic;
				DEVELOPMENT_TEAM = PPMKVT4765;
				ENABLE_HARDENED_RUNTIME = YES;
				PRODUCT_NAME = "$(TARGET_NAME)";
			};
			name = Debug;
		};
		E26627F8265707ED00F6F10D /* Release */ = {
			isa = XCBuildConfiguration;
			buildSettings = {
				CODE_SIGN_STYLE = Automatic;
				DEVELOPMENT_TEAM = PPMKVT4765;
				ENABLE_HARDENED_RUNTIME = YES;
				PRODUCT_NAME = "$(TARGET_NAME)";
			};
			name = Release;
		};
		E2B573D0265EBB75003E8C95 /* Debug */ = {
			isa = XCBuildConfiguration;
			buildSettings = {
				ASSETCATALOG_COMPILER_APPICON_NAME = AppIcon;
				ASSETCATALOG_COMPILER_GLOBAL_ACCENT_COLOR_NAME = AccentColor;
				CODE_SIGN_ENTITLEMENTS = DiscsTest/DiscsTest.entitlements;
				CODE_SIGN_STYLE = Automatic;
				COMBINE_HIDPI_IMAGES = YES;
				DEVELOPMENT_TEAM = PPMKVT4765;
				ENABLE_HARDENED_RUNTIME = YES;
				INFOPLIST_FILE = DiscsTest/Info.plist;
				LD_RUNPATH_SEARCH_PATHS = (
					"$(inherited)",
					"@executable_path/../Frameworks",
				);
				PRODUCT_BUNDLE_IDENTIFIER = net.brzeski.DiscsTest;
				PRODUCT_NAME = "$(TARGET_NAME)";
			};
			name = Debug;
		};
		E2B573D1265EBB75003E8C95 /* Release */ = {
			isa = XCBuildConfiguration;
			buildSettings = {
				ASSETCATALOG_COMPILER_APPICON_NAME = AppIcon;
				ASSETCATALOG_COMPILER_GLOBAL_ACCENT_COLOR_NAME = AccentColor;
				CODE_SIGN_ENTITLEMENTS = DiscsTest/DiscsTest.entitlements;
				CODE_SIGN_STYLE = Automatic;
				COMBINE_HIDPI_IMAGES = YES;
				DEVELOPMENT_TEAM = PPMKVT4765;
				ENABLE_HARDENED_RUNTIME = YES;
				INFOPLIST_FILE = DiscsTest/Info.plist;
				LD_RUNPATH_SEARCH_PATHS = (
					"$(inherited)",
					"@executable_path/../Frameworks",
				);
				PRODUCT_BUNDLE_IDENTIFIER = net.brzeski.DiscsTest;
				PRODUCT_NAME = "$(TARGET_NAME)";
			};
			name = Release;
		};
/* End XCBuildConfiguration section */

/* Begin XCConfigurationList section */
		E26627EA265707ED00F6F10D /* Build configuration list for PBXProject "discs" */ = {
			isa = XCConfigurationList;
			buildConfigurations = (
				E26627F4265707ED00F6F10D /* Debug */,
				E26627F5265707ED00F6F10D /* Release */,
			);
			defaultConfigurationIsVisible = 0;
			defaultConfigurationName = Release;
		};
		E26627F6265707ED00F6F10D /* Build configuration list for PBXNativeTarget "discs" */ = {
			isa = XCConfigurationList;
			buildConfigurations = (
				E26627F7265707ED00F6F10D /* Debug */,
				E26627F8265707ED00F6F10D /* Release */,
			);
			defaultConfigurationIsVisible = 0;
			defaultConfigurationName = Release;
		};
		E2B573D2265EBB75003E8C95 /* Build configuration list for PBXNativeTarget "DiscsTest" */ = {
			isa = XCConfigurationList;
			buildConfigurations = (
				E2B573D0265EBB75003E8C95 /* Debug */,
				E2B573D1265EBB75003E8C95 /* Release */,
			);
			defaultConfigurationIsVisible = 0;
			defaultConfigurationName = Release;
		};
/* End XCConfigurationList section */
	};
	rootObject = E26627E7265707ED00F6F10D /* Project object */;
}
